// !$*UTF8*$!
{
	archiveVersion = 1;
	classes = {
	};
	objectVersion = 77;
	objects = {

/* Begin PBXBuildFile section */
		968285DA2F5A73FC00242116 /* CocoaMQTT in Frameworks */ = {isa = PBXBuildFile; productRef = 963032512F53CE9000C74F02 /* CocoaMQTT */; };
		968285DB2F5A73FC00242116 /* CocoaMQTTWebSocket in Frameworks */ = {isa = PBXBuildFile; productRef = 963032522F53CE9000C74F03 /* CocoaMQTTWebSocket */; };
		F0E0D0C02F55000800C74EF0 /* PodiumWidget.appex in Embed Foundation Extensions */ = {isa = PBXBuildFile; fileRef = F0E0D0C02F55000000C74EF0 /* PodiumWidget.appex */; settings = {ATTRIBUTES = (CodeSignOnCopy, RemoveHeadersOnCopy, ); }; };
/* End PBXBuildFile section */

/* Begin PBXContainerItemProxy section */
		F0E0D0C02F55000700C74EF0 /* PBXContainerItemProxy */ = {
			isa = PBXContainerItemProxy;
			containerPortal = 9630321F2F53CE9000C74EF9 /* Project object */;
			proxyType = 1;
			remoteGlobalIDString = F0E0D0C02F55000200C74EF0;
			remoteInfo = PodiumWidget;
		};
/* End PBXContainerItemProxy section */

/* Begin PBXCopyFilesBuildPhase section */
		F0E0D0C02F55000900C74EF0 /* Embed Foundation Extensions */ = {
			isa = PBXCopyFilesBuildPhase;
			buildActionMask = 2147483647;
			dstPath = "";
			dstSubfolderSpec = 13;
			files = (
				F0E0D0C02F55000800C74EF0 /* PodiumWidget.appex in Embed Foundation Extensions */,
			);
			name = "Embed Foundation Extensions";
			runOnlyForDeploymentPostprocessing = 0;
		};
/* End PBXCopyFilesBuildPhase section */

/* Begin PBXFileReference section */
		963032272F53CE9000C74EF9 /* Podium.app */ = {isa = PBXFileReference; explicitFileType = wrapper.application; includeInIndex = 0; path = Podium.app; sourceTree = BUILT_PRODUCTS_DIR; };
		F0E0D0C02F55000000C74EF0 /* PodiumWidget.appex */ = {isa = PBXFileReference; explicitFileType = "wrapper.app-extension"; includeInIndex = 0; path = PodiumWidget.appex; sourceTree = BUILT_PRODUCTS_DIR; };
/* End PBXFileReference section */

/* Begin PBXFileSystemSynchronizedBuildFileExceptionSet section */
		963032602F53D59800C74EF9 /* Exceptions for "Podium" folder in "Podium" target */ = {
			isa = PBXFileSystemSynchronizedBuildFileExceptionSet;
			membershipExceptions = (
				Info.plist,
			);
			target = 963032262F53CE9000C74EF9 /* Podium */;
		};
		F0E0D0C02F55000F00C74EF0 /* Exceptions for "PodiumWidget" folder in "PodiumWidget" target */ = {
			isa = PBXFileSystemSynchronizedBuildFileExceptionSet;
			membershipExceptions = (
				Info.plist,
			);
			target = F0E0D0C02F55000200C74EF0 /* PodiumWidget */;
		};
/* End PBXFileSystemSynchronizedBuildFileExceptionSet section */

/* Begin PBXFileSystemSynchronizedRootGroup section */
		963032292F53CE9000C74EF9 /* Podium */ = {
			isa = PBXFileSystemSynchronizedRootGroup;
			exceptions = (
				963032602F53D59800C74EF9 /* Exceptions for "Podium" folder in "Podium" target */,
			);
			path = Podium;
			sourceTree = "<group>";
		};
		F0E0D0C02F55000B00C74EF0 /* PodiumWidget */ = {
			isa = PBXFileSystemSynchronizedRootGroup;
			exceptions = (
				F0E0D0C02F55000F00C74EF0 /* Exceptions for "PodiumWidget" folder in "PodiumWidget" target */,
			);
			path = PodiumWidget;
			sourceTree = "<group>";
		};
/* End PBXFileSystemSynchronizedRootGroup section */

/* Begin PBXFrameworksBuildPhase section */
		963032242F53CE9000C74EF9 /* Frameworks */ = {
			isa = PBXFrameworksBuildPhase;
			buildActionMask = 2147483647;
			files = (
				968285DB2F5A73FC00242116 /* CocoaMQTTWebSocket in Frameworks */,
				968285DA2F5A73FC00242116 /* CocoaMQTT in Frameworks */,
			);
			runOnlyForDeploymentPostprocessing = 0;
		};
		F0E0D0C02F55000D00C74EF0 /* Frameworks */ = {
			isa = PBXFrameworksBuildPhase;
			buildActionMask = 2147483647;
			files = (
			);
			runOnlyForDeploymentPostprocessing = 0;
		};
/* End PBXFrameworksBuildPhase section */

/* Begin PBXGroup section */
		9630321E2F53CE9000C74EF9 = {
			isa = PBXGroup;
			children = (
				963032292F53CE9000C74EF9 /* Podium */,
				F0E0D0C02F55000B00C74EF0 /* PodiumWidget */,
				963032282F53CE9000C74EF9 /* Products */,
			);
			sourceTree = "<group>";
		};
		963032282F53CE9000C74EF9 /* Products */ = {
			isa = PBXGroup;
			children = (
				963032272F53CE9000C74EF9 /* Podium.app */,
				F0E0D0C02F55000000C74EF0 /* PodiumWidget.appex */,
			);
			name = Products;
			sourceTree = "<group>";
		};
/* End PBXGroup section */

/* Begin PBXNativeTarget section */
		963032262F53CE9000C74EF9 /* Podium */ = {
			isa = PBXNativeTarget;
			buildConfigurationList = 963032322F53CE9300C74EF9 /* Build configuration list for PBXNativeTarget "Podium" */;
			buildPhases = (
				963032232F53CE9000C74EF9 /* Sources */,
				963032242F53CE9000C74EF9 /* Frameworks */,
				963032252F53CE9000C74EF9 /* Resources */,
				F0E0D0C02F55000900C74EF0 /* Embed Foundation Extensions */,
			);
			buildRules = (
			);
			dependencies = (
				F0E0D0C02F55000A00C74EF0 /* PBXTargetDependency */,
			);
			fileSystemSynchronizedGroups = (
				963032292F53CE9000C74EF9 /* Podium */,
			);
			name = Podium;
			packageProductDependencies = (
				963032512F53CE9000C74F02 /* CocoaMQTT */,
				963032522F53CE9000C74F03 /* CocoaMQTTWebSocket */,
			);
			productName = Podium;
			productReference = 963032272F53CE9000C74EF9 /* Podium.app */;
			productType = "com.apple.product-type.application";
		};
		F0E0D0C02F55000200C74EF0 /* PodiumWidget */ = {
			isa = PBXNativeTarget;
			buildConfigurationList = F0E0D0C02F55000300C74EF0 /* Build configuration list for PBXNativeTarget "PodiumWidget" */;
			buildPhases = (
				F0E0D0C02F55000C00C74EF0 /* Sources */,
				F0E0D0C02F55000D00C74EF0 /* Frameworks */,
				F0E0D0C02F55000E00C74EF0 /* Resources */,
			);
			buildRules = (
			);
			dependencies = (
			);
			fileSystemSynchronizedGroups = (
				F0E0D0C02F55000B00C74EF0 /* PodiumWidget */,
			);
			name = PodiumWidget;
			packageProductDependencies = (
			);
			productName = PodiumWidget;
			productReference = F0E0D0C02F55000000C74EF0 /* PodiumWidget.appex */;
			productType = "com.apple.product-type.app-extension";
		};
/* End PBXNativeTarget section */

/* Begin PBXProject section */
		9630321F2F53CE9000C74EF9 /* Project object */ = {
			isa = PBXProject;
			attributes = {
				BuildIndependentTargetsInParallel = 1;
				LastSwiftUpdateCheck = 2620;
				LastUpgradeCheck = 2620;
				TargetAttributes = {
					963032262F53CE9000C74EF9 = {
						CreatedOnToolsVersion = 26.2;
					};
					F0E0D0C02F55000200C74EF0 = {
						CreatedOnToolsVersion = 26.2;
					};
				};
			};
			buildConfigurationList = 963032222F53CE9000C74EF9 /* Build configuration list for PBXProject "Podium" */;
			developmentRegion = en;
			hasScannedForEncodings = 0;
			knownRegions = (
				en,
				Base,
			);
			mainGroup = 9630321E2F53CE9000C74EF9;
			minimizedProjectReferenceProxies = 1;
			packageReferences = (
				963032502F53CE9000C74F01 /* XCRemoteSwiftPackageReference "CocoaMQTT" */,
			);
			preferredProjectObjectVersion = 77;
			productRefGroup = 963032282F53CE9000C74EF9 /* Products */;
			projectDirPath = "";
			projectRoot = "";
			targets = (
				963032262F53CE9000C74EF9 /* Podium */,
				F0E0D0C02F55000200C74EF0 /* PodiumWidget */,
			);
		};
/* End PBXProject section */

/* Begin PBXResourcesBuildPhase section */
		963032252F53CE9000C74EF9 /* Resources */ = {
			isa = PBXResourcesBuildPhase;
			buildActionMask = 2147483647;
			files = (
			);
			runOnlyForDeploymentPostprocessing = 0;
		};
		F0E0D0C02F55000E00C74EF0 /* Resources */ = {
			isa = PBXResourcesBuildPhase;
			buildActionMask = 2147483647;
			files = (
			);
			runOnlyForDeploymentPostprocessing = 0;
		};
/* End PBXResourcesBuildPhase section */

/* Begin PBXSourcesBuildPhase section */
		963032232F53CE9000C74EF9 /* Sources */ = {
			isa = PBXSourcesBuildPhase;
			buildActionMask = 2147483647;
			files = (
			);
			runOnlyForDeploymentPostprocessing = 0;
		};
		F0E0D0C02F55000C00C74EF0 /* Sources */ = {
			isa = PBXSourcesBuildPhase;
			buildActionMask = 2147483647;
			files = (
			);
			runOnlyForDeploymentPostprocessing = 0;
		};
/* End PBXSourcesBuildPhase section */

/* Begin PBXTargetDependency section */
		F0E0D0C02F55000A00C74EF0 /* PBXTargetDependency */ = {
			isa = PBXTargetDependency;
			target = F0E0D0C02F55000200C74EF0 /* PodiumWidget */;
			targetProxy = F0E0D0C02F55000700C74EF0 /* PBXContainerItemProxy */;
		};
/* End PBXTargetDependency section */

/* Begin XCBuildConfiguration section */
		963032302F53CE9300C74EF9 /* Debug */ = {
			isa = XCBuildConfiguration;
			buildSettings = {
				ALWAYS_SEARCH_USER_PATHS = NO;
				ASSETCATALOG_COMPILER_GENERATE_SWIFT_ASSET_SYMBOL_EXTENSIONS = YES;
				CLANG_ANALYZER_NONNULL = YES;
				CLANG_ANALYZER_NUMBER_OBJECT_CONVERSION = YES_AGGRESSIVE;
				CLANG_CXX_LANGUAGE_STANDARD = "gnu++20";
				CLANG_ENABLE_MODULES = YES;
				CLANG_ENABLE_OBJC_ARC = YES;
				CLANG_ENABLE_OBJC_WEAK = YES;
				CLANG_WARN_BLOCK_CAPTURE_AUTORELEASING = YES;
				CLANG_WARN_BOOL_CONVERSION = YES;
				CLANG_WARN_COMMA = YES;
				CLANG_WARN_CONSTANT_CONVERSION = YES;
				CLANG_WARN_DEPRECATED_OBJC_IMPLEMENTATIONS = YES;
				CLANG_WARN_DIRECT_OBJC_ISA_USAGE = YES_ERROR;
				CLANG_WARN_DOCUMENTATION_COMMENTS = YES;
				CLANG_WARN_EMPTY_BODY = YES;
				CLANG_WARN_ENUM_CONVERSION = YES;
				CLANG_WARN_INFINITE_RECURSION = YES;
				CLANG_WARN_INT_CONVERSION = YES;
				CLANG_WARN_NON_LITERAL_NULL_CONVERSION = YES;
				CLANG_WARN_OBJC_IMPLICIT_RETAIN_SELF = YES;
				CLANG_WARN_OBJC_LITERAL_CONVERSION = YES;
				CLANG_WARN_OBJC_ROOT_CLASS = YES_ERROR;
				CLANG_WARN_QUOTED_INCLUDE_IN_FRAMEWORK_HEADER = YES;
				CLANG_WARN_RANGE_LOOP_ANALYSIS = YES;
				CLANG_WARN_STRICT_PROTOTYPES = YES;
				CLANG_WARN_SUSPICIOUS_MOVE = YES;
				CLANG_WARN_UNGUARDED_AVAILABILITY = YES_AGGRESSIVE;
				CLANG_WARN_UNREACHABLE_CODE = YES;
				CLANG_WARN__DUPLICATE_METHOD_MATCH = YES;
				COPY_PHASE_STRIP = NO;
				DEBUG_INFORMATION_FORMAT = dwarf;
				DEVELOPMENT_TEAM = 24Q5SL67M8;
				ENABLE_STRICT_OBJC_MSGSEND = YES;
				ENABLE_TESTABILITY = YES;
				ENABLE_USER_SCRIPT_SANDBOXING = YES;
				GCC_C_LANGUAGE_STANDARD = gnu17;
				GCC_DYNAMIC_NO_PIC = NO;
				GCC_NO_COMMON_BLOCKS = YES;
				GCC_OPTIMIZATION_LEVEL = 0;
				GCC_PREPROCESSOR_DEFINITIONS = (
					"DEBUG=1",
					"$(inherited)",
				);
				GCC_WARN_64_TO_32_BIT_CONVERSION = YES;
				GCC_WARN_ABOUT_RETURN_TYPE = YES_ERROR;
				GCC_WARN_UNDECLARED_SELECTOR = YES;
				GCC_WARN_UNINITIALIZED_AUTOS = YES_AGGRESSIVE;
				GCC_WARN_UNUSED_FUNCTION = YES;
				GCC_WARN_UNUSED_VARIABLE = YES;
				IPHONEOS_DEPLOYMENT_TARGET = 26.2;
				LOCALIZATION_PREFERS_STRING_CATALOGS = YES;
				MTL_ENABLE_DEBUG_INFO = INCLUDE_SOURCE;
				MTL_FAST_MATH = YES;
				ONLY_ACTIVE_ARCH = YES;
				SDKROOT = iphoneos;
				SWIFT_ACTIVE_COMPILATION_CONDITIONS = "DEBUG $(inherited)";
				SWIFT_OPTIMIZATION_LEVEL = "-Onone";
			};
			name = Debug;
		};
		963032312F53CE9300C74EF9 /* Release */ = {
			isa = XCBuildConfiguration;
			buildSettings = {
				ALWAYS_SEARCH_USER_PATHS = NO;
				ASSETCATALOG_COMPILER_GENERATE_SWIFT_ASSET_SYMBOL_EXTENSIONS = YES;
				CLANG_ANALYZER_NONNULL = YES;
				CLANG_ANALYZER_NUMBER_OBJECT_CONVERSION = YES_AGGRESSIVE;
				CLANG_CXX_LANGUAGE_STANDARD = "gnu++20";
				CLANG_ENABLE_MODULES = YES;
				CLANG_ENABLE_OBJC_ARC = YES;
				CLANG_ENABLE_OBJC_WEAK = YES;
				CLANG_WARN_BLOCK_CAPTURE_AUTORELEASING = YES;
				CLANG_WARN_BOOL_CONVERSION = YES;
				CLANG_WARN_COMMA = YES;
				CLANG_WARN_CONSTANT_CONVERSION = YES;
				CLANG_WARN_DEPRECATED_OBJC_IMPLEMENTATIONS = YES;
				CLANG_WARN_DIRECT_OBJC_ISA_USAGE = YES_ERROR;
				CLANG_WARN_DOCUMENTATION_COMMENTS = YES;
				CLANG_WARN_EMPTY_BODY = YES;
				CLANG_WARN_ENUM_CONVERSION = YES;
				CLANG_WARN_INFINITE_RECURSION = YES;
				CLANG_WARN_INT_CONVERSION = YES;
				CLANG_WARN_NON_LITERAL_NULL_CONVERSION = YES;
				CLANG_WARN_OBJC_IMPLICIT_RETAIN_SELF = YES;
				CLANG_WARN_OBJC_LITERAL_CONVERSION = YES;
				CLANG_WARN_OBJC_ROOT_CLASS = YES_ERROR;
				CLANG_WARN_QUOTED_INCLUDE_IN_FRAMEWORK_HEADER = YES;
				CLANG_WARN_RANGE_LOOP_ANALYSIS = YES;
				CLANG_WARN_STRICT_PROTOTYPES = YES;
				CLANG_WARN_SUSPICIOUS_MOVE = YES;
				CLANG_WARN_UNGUARDED_AVAILABILITY = YES_AGGRESSIVE;
				CLANG_WARN_UNREACHABLE_CODE = YES;
				CLANG_WARN__DUPLICATE_METHOD_MATCH = YES;
				COPY_PHASE_STRIP = NO;
				DEBUG_INFORMATION_FORMAT = "dwarf-with-dsym";
				DEVELOPMENT_TEAM = 24Q5SL67M8;
				ENABLE_NS_ASSERTIONS = NO;
				ENABLE_STRICT_OBJC_MSGSEND = YES;
				ENABLE_USER_SCRIPT_SANDBOXING = YES;
				GCC_C_LANGUAGE_STANDARD = gnu17;
				GCC_NO_COMMON_BLOCKS = YES;
				GCC_WARN_64_TO_32_BIT_CONVERSION = YES;
				GCC_WARN_ABOUT_RETURN_TYPE = YES_ERROR;
				GCC_WARN_UNDECLARED_SELECTOR = YES;
				GCC_WARN_UNINITIALIZED_AUTOS = YES_AGGRESSIVE;
				GCC_WARN_UNUSED_FUNCTION = YES;
				GCC_WARN_UNUSED_VARIABLE = YES;
				IPHONEOS_DEPLOYMENT_TARGET = 26.2;
				LOCALIZATION_PREFERS_STRING_CATALOGS = YES;
				MTL_ENABLE_DEBUG_INFO = NO;
				MTL_FAST_MATH = YES;
				SDKROOT = iphoneos;
				SWIFT_COMPILATION_MODE = wholemodule;
				VALIDATE_PRODUCT = YES;
			};
			name = Release;
		};
		963032332F53CE9300C74EF9 /* Debug */ = {
			isa = XCBuildConfiguration;
			buildSettings = {
				ASSETCATALOG_COMPILER_APPICON_NAME = AppIcon;
				ASSETCATALOG_COMPILER_GLOBAL_ACCENT_COLOR_NAME = AccentColor;
				CODE_SIGN_ENTITLEMENTS = Podium/Podium.entitlements;
				CODE_SIGN_STYLE = Automatic;
				CURRENT_PROJECT_VERSION = 1;
				DEVELOPMENT_TEAM = 24Q5SL67M8;
				ENABLE_PREVIEWS = YES;
				GENERATE_INFOPLIST_FILE = YES;
				INFOPLIST_FILE = Podium/Info.plist;
				INFOPLIST_KEY_UIApplicationSceneManifest_Generation = YES;
				INFOPLIST_KEY_UIApplicationSupportsIndirectInputEvents = YES;
				INFOPLIST_KEY_UILaunchScreen_Generation = YES;
				INFOPLIST_KEY_UISupportedInterfaceOrientations_iPad = "UIInterfaceOrientationPortrait UIInterfaceOrientationPortraitUpsideDown UIInterfaceOrientationLandscapeLeft UIInterfaceOrientationLandscapeRight";
				INFOPLIST_KEY_UISupportedInterfaceOrientations_iPhone = "UIInterfaceOrientationPortrait UIInterfaceOrientationLandscapeLeft UIInterfaceOrientationLandscapeRight";
				LD_RUNPATH_SEARCH_PATHS = (
					"$(inherited)",
					"@executable_path/Frameworks",
				);
				MARKETING_VERSION = 1.0;
				PRODUCT_BUNDLE_IDENTIFIER = com.EMYM.Podium;
				PRODUCT_NAME = "$(TARGET_NAME)";
				STRING_CATALOG_GENERATE_SYMBOLS = YES;
				SWIFT_APPROACHABLE_CONCURRENCY = YES;
				SWIFT_DEFAULT_ACTOR_ISOLATION = MainActor;
				SWIFT_EMIT_LOC_STRINGS = YES;
				SWIFT_UPCOMING_FEATURE_MEMBER_IMPORT_VISIBILITY = YES;
				SWIFT_VERSION = 5.0;
				TARGETED_DEVICE_FAMILY = "1,2";
			};
			name = Debug;
		};
		963032342F53CE9300C74EF9 /* Release */ = {
			isa = XCBuildConfiguration;
			buildSettings = {
				ASSETCATALOG_COMPILER_APPICON_NAME = AppIcon;
				ASSETCATALOG_COMPILER_GLOBAL_ACCENT_COLOR_NAME = AccentColor;
				CODE_SIGN_ENTITLEMENTS = Podium/Podium.entitlements;
				CODE_SIGN_STYLE = Automatic;
				CURRENT_PROJECT_VERSION = 1;
				DEVELOPMENT_TEAM = 24Q5SL67M8;
				ENABLE_PREVIEWS = YES;
				GENERATE_INFOPLIST_FILE = YES;
				INFOPLIST_FILE = Podium/Info.plist;
				INFOPLIST_KEY_UIApplicationSceneManifest_Generation = YES;
				INFOPLIST_KEY_UIApplicationSupportsIndirectInputEvents = YES;
				INFOPLIST_KEY_UILaunchScreen_Generation = YES;
				INFOPLIST_KEY_UISupportedInterfaceOrientations_iPad = "UIInterfaceOrientationPortrait UIInterfaceOrientationPortraitUpsideDown UIInterfaceOrientationLandscapeLeft UIInterfaceOrientationLandscapeRight";
				INFOPLIST_KEY_UISupportedInterfaceOrientations_iPhone = "UIInterfaceOrientationPortrait UIInterfaceOrientationLandscapeLeft UIInterfaceOrientationLandscapeRight";
				LD_RUNPATH_SEARCH_PATHS = (
					"$(inherited)",
					"@executable_path/Frameworks",
				);
				MARKETING_VERSION = 1.0;
				PRODUCT_BUNDLE_IDENTIFIER = com.EMYM.Podium;
				PRODUCT_NAME = "$(TARGET_NAME)";
				STRING_CATALOG_GENERATE_SYMBOLS = YES;
				SWIFT_APPROACHABLE_CONCURRENCY = YES;
				SWIFT_DEFAULT_ACTOR_ISOLATION = MainActor;
				SWIFT_EMIT_LOC_STRINGS = YES;
				SWIFT_UPCOMING_FEATURE_MEMBER_IMPORT_VISIBILITY = YES;
				SWIFT_VERSION = 5.0;
				TARGETED_DEVICE_FAMILY = "1,2";
			};
			name = Release;
		};
		F0E0D0C02F55000400C74EF0 /* Debug */ = {
			isa = XCBuildConfiguration;
			buildSettings = {
				APPLICATION_EXTENSION_API_ONLY = YES;
				ASSETCATALOG_COMPILER_GLOBAL_ACCENT_COLOR_NAME = AccentColor;
				ASSETCATALOG_COMPILER_WIDGET_BACKGROUND_COLOR_NAME = "";
				CODE_SIGN_ENTITLEMENTS = PodiumWidget/PodiumWidget.entitlements;
				CODE_SIGN_STYLE = Automatic;
				CURRENT_PROJECT_VERSION = 1;
				DEVELOPMENT_TEAM = 24Q5SL67M8;
				GENERATE_INFOPLIST_FILE = NO;
				INFOPLIST_FILE = PodiumWidget/Info.plist;
				IPHONEOS_DEPLOYMENT_TARGET = 26.2;
				LD_RUNPATH_SEARCH_PATHS = (
					"$(inherited)",
					"@executable_path/Frameworks",
					"@executable_path/../../Frameworks",
				);
				MARKETING_VERSION = 1.0;
				PRODUCT_BUNDLE_IDENTIFIER = com.EMYM.Podium.PodiumWidget;
				PRODUCT_NAME = "$(TARGET_NAME)";
				SKIP_INSTALL = YES;
				SWIFT_APPROACHABLE_CONCURRENCY = YES;
				SWIFT_EMIT_LOC_STRINGS = YES;
				SWIFT_UPCOMING_FEATURE_MEMBER_IMPORT_VISIBILITY = YES;
				SWIFT_VERSION = 5.0;
				TARGETED_DEVICE_FAMILY = "1,2";
			};
			name = Debug;
		};
		F0E0D0C02F55000500C74EF0 /* Release */ = {
			isa = XCBuildConfiguration;
			buildSettings = {
				APPLICATION_EXTENSION_API_ONLY = YES;
				ASSETCATALOG_COMPILER_GLOBAL_ACCENT_COLOR_NAME = AccentColor;
				ASSETCATALOG_COMPILER_WIDGET_BACKGROUND_COLOR_NAME = "";
				CODE_SIGN_ENTITLEMENTS = PodiumWidget/PodiumWidget.entitlements;
				CODE_SIGN_STYLE = Automatic;
				CURRENT_PROJECT_VERSION = 1;
				DEVELOPMENT_TEAM = 24Q5SL67M8;
				GENERATE_INFOPLIST_FILE = NO;
				INFOPLIST_FILE = PodiumWidget/Info.plist;
				IPHONEOS_DEPLOYMENT_TARGET = 26.2;
				LD_RUNPATH_SEARCH_PATHS = (
					"$(inherited)",
					"@executable_path/Frameworks",
					"@executable_path/../../Frameworks",
				);
				MARKETING_VERSION = 1.0;
				PRODUCT_BUNDLE_IDENTIFIER = com.EMYM.Podium.PodiumWidget;
				PRODUCT_NAME = "$(TARGET_NAME)";
				SKIP_INSTALL = YES;
				SWIFT_APPROACHABLE_CONCURRENCY = YES;
				SWIFT_EMIT_LOC_STRINGS = YES;
				SWIFT_UPCOMING_FEATURE_MEMBER_IMPORT_VISIBILITY = YES;
				SWIFT_VERSION = 5.0;
				TARGETED_DEVICE_FAMILY = "1,2";
			};
			name = Release;
		};
/* End XCBuildConfiguration section */

/* Begin XCConfigurationList section */
		963032222F53CE9000C74EF9 /* Build configuration list for PBXProject "Podium" */ = {
			isa = XCConfigurationList;
			buildConfigurations = (
				963032302F53CE9300C74EF9 /* Debug */,
				963032312F53CE9300C74EF9 /* Release */,
			);
			defaultConfigurationIsVisible = 0;
			defaultConfigurationName = Release;
		};
		963032322F53CE9300C74EF9 /* Build configuration list for PBXNativeTarget "Podium" */ = {
			isa = XCConfigurationList;
			buildConfigurations = (
				963032332F53CE9300C74EF9 /* Debug */,
				963032342F53CE9300C74EF9 /* Release */,
			);
			defaultConfigurationIsVisible = 0;
			defaultConfigurationName = Release;
		};
		F0E0D0C02F55000300C74EF0 /* Build configuration list for PBXNativeTarget "PodiumWidget" */ = {
			isa = XCConfigurationList;
			buildConfigurations = (
				F0E0D0C02F55000400C74EF0 /* Debug */,
				F0E0D0C02F55000500C74EF0 /* Release */,
			);
			defaultConfigurationIsVisible = 0;
			defaultConfigurationName = Release;
		};
/* End XCConfigurationList section */

/* Begin XCRemoteSwiftPackageReference section */
		963032502F53CE9000C74F01 /* XCRemoteSwiftPackageReference "CocoaMQTT" */ = {
			isa = XCRemoteSwiftPackageReference;
			repositoryURL = "https://github.com/emqx/CocoaMQTT";
			requirement = {
				kind = upToNextMajorVersion;
				minimumVersion = 2.0.0;
			};
		};
/* End XCRemoteSwiftPackageReference section */

/* Begin XCSwiftPackageProductDependency section */
		963032512F53CE9000C74F02 /* CocoaMQTT */ = {
			isa = XCSwiftPackageProductDependency;
			package = 963032502F53CE9000C74F01 /* XCRemoteSwiftPackageReference "CocoaMQTT" */;
			productName = CocoaMQTT;
		};
		963032522F53CE9000C74F03 /* CocoaMQTTWebSocket */ = {
			isa = XCSwiftPackageProductDependency;
			package = 963032502F53CE9000C74F01 /* XCRemoteSwiftPackageReference "CocoaMQTT" */;
			productName = CocoaMQTTWebSocket;
		};
/* End XCSwiftPackageProductDependency section */
	};
	rootObject = 9630321F2F53CE9000C74EF9 /* Project object */;
}
